
Microsoft Visual Studio Solution File, Format Version 12.00
# Visual Studio 2013
VisualStudioVersion = 12.0.20623.1 VSUPREVIEW
MinimumVisualStudioVersion = 10.0.40219.1
Project("{FAE04EC0-301F-11D3-BF4B-00C04F79EFBC}") = "PokerHand", "PokerHand\PokerHand.csproj", "{2EC46326-777F-47A8-9AC7-5AB270FF39DC}"
EndProject
Project("{2150E333-8FDC-42A3-9474-1A3956D46DE8}") = "PokerHandKata", "PokerHandKata", "{12705B3A-54CF-4604-BF2D-9B2F7A38A1B7}"
EndProject
Project("{FAE04EC0-301F-11D3-BF4B-00C04F79EFBC}") = "PokerHand.Tests", "PokerHand\PokerHand.Tests\PokerHand.Tests.csproj", "{5431B13D-772C-45F5-A189-F7692F5A6717}"
EndProject
Project("{2150E333-8FDC-42A3-9474-1A3956D46DE8}") = "CSharp", "CSharp", "{46EB6C32-917C-4751-9CC5-9856E19ED94C}"
EndProject
Global
	GlobalSection(SolutionConfigurationPlatforms) = preSolution
		Debug|Any CPU = Debug|Any CPU
		Release|Any CPU = Release|Any CPU
	EndGlobalSection
	GlobalSection(ProjectConfigurationPlatforms) = postSolution
		{2EC46326-777F-47A8-9AC7-5AB270FF39DC}.Debug|Any CPU.ActiveCfg = Debug|Any CPU
		{2EC46326-777F-47A8-9AC7-5AB270FF39DC}.Debug|Any CPU.Build.0 = Debug|Any CPU
		{2EC46326-777F-47A8-9AC7-5AB270FF39DC}.Release|Any CPU.ActiveCfg = Release|Any CPU
		{2EC46326-777F-47A8-9AC7-5AB270FF39DC}.Release|Any CPU.Build.0 = Release|Any CPU
		{5431B13D-772C-45F5-A189-F7692F5A6717}.Debug|Any CPU.ActiveCfg = Debug|Any CPU
		{5431B13D-772C-45F5-A189-F7692F5A6717}.Debug|Any CPU.Build.0 = Debug|Any CPU
		{5431B13D-772C-45F5-A189-F7692F5A6717}.Release|Any CPU.ActiveCfg = Release|Any CPU
		{5431B13D-772C-45F5-A189-F7692F5A6717}.Release|Any CPU.Build.0 = Release|Any CPU
	EndGlobalSection
	GlobalSection(SolutionProperties) = preSolution
		HideSolutionNode = FALSE
	EndGlobalSection
	GlobalSection(NestedProjects) = preSolution
		{46EB6C32-917C-4751-9CC5-9856E19ED94C} = {12705B3A-54CF-4604-BF2D-9B2F7A38A1B7}
		{5431B13D-772C-45F5-A189-F7692F5A6717} = {46EB6C32-917C-4751-9CC5-9856E19ED94C}
		{2EC46326-777F-47A8-9AC7-5AB270FF39DC} = {46EB6C32-917C-4751-9CC5-9856E19ED94C}
	EndGlobalSection
EndGlobal
